
Microsoft Visual Studio Solution File, Format Version 12.00
# Visual Studio Version 17
VisualStudioVersion = 17.11.35312.102
MinimumVisualStudioVersion = 10.0.40219.1
Project("{FAE04EC0-301F-11D3-BF4B-00C04F79EFBC}") = "CrashReporter", "CrashReporter.csproj", "{B16E264E-4A06-44C8-B0D2-81D9A04ED378}"
EndProject
Global
	GlobalSection(SolutionConfigurationPlatforms) = preSolution
		Debug|Any CPU = Debug|Any CPU
		Release|Any CPU = Release|Any CPU
	EndGlobalSection
	GlobalSection(ProjectConfigurationPlatforms) = postSolution
		{B16E264E-4A06-44C8-B0D2-81D9A04ED378}.Debug|Any CPU.ActiveCfg = Debug|Any CPU
		{B16E264E-4A06-44C8-B0D2-81D9A04ED378}.Debug|Any CPU.Build.0 = Debug|Any CPU
		{B16E264E-4A06-44C8-B0D2-81D9A04ED378}.Release|Any CPU.ActiveCfg = Release|Any CPU
		{B16E264E-4A06-44C8-B0D2-81D9A04ED378}.Release|Any CPU.Build.0 = Release|Any CPU
	EndGlobalSection
	GlobalSection(SolutionProperties) = preSolution
		HideSolutionNode = FALSE
	EndGlobalSection
	GlobalSection(ExtensibilityGlobals) = postSolution
		SolutionGuid = {EAABA889-0C30-4AEE-B092-F4572275D755}
	EndGlobalSection
EndGlobal
